schema: '2.0'
stages:
  data_prep:
    cmd: python src/data_prep.py
    deps:
    - path: data/raw/reviews.tsv
      hash: md5
      md5: 102f1f4193e0bdebdd6cce7f13e0a839
      size: 54686
    - path: src/data_prep.py
      hash: md5
      md5: ac00c4695056586e9d3913f75cfacd50
      size: 1253
    outs:
    - path: data/processed/test.csv
      hash: md5
      md5: 45011a6f01e12424f778380e91100637
      size: 10990
    - path: data/processed/train.csv
      hash: md5
      md5: 42bde09c2e9a66f011f84dc299029d73
      size: 44307
  train_model:
    cmd: python src/train.py --data data/processed/train.csv --model 
      artifacts/model.pkl --vectorizer artifacts/vectorizer.pkl
    deps:
    - path: data/processed/train.csv
      hash: md5
      md5: 42bde09c2e9a66f011f84dc299029d73
      size: 44307
    - path: src/train.py
      hash: md5
      md5: 59350855a300127f3fa2489acaaae50e
      size: 1776
    outs:
    - path: artifacts/model.pkl
      hash: md5
      md5: ebbe463dfbe826d8ceb658482399c758
      size: 33099
    - path: artifacts/vectorizer.pkl
      hash: md5
      md5: 4cf7dc5952067eb6acc792d3b2185aa0
      size: 158817
    - path: output/train_metrics.json
      hash: md5
      md5: 66a3a1cc0ea4906f06c9a88230349e6a
      size: 38
  evaluate_model:
    cmd: python src/evaluate.py --model artifacts/model.pkl --vectorizer 
      artifacts/vectorizer.pkl --test-data data/processed/test.csv
    deps:
    - path: artifacts/model.pkl
      hash: md5
      md5: ebbe463dfbe826d8ceb658482399c758
      size: 33099
    - path: artifacts/vectorizer.pkl
      hash: md5
      md5: 4cf7dc5952067eb6acc792d3b2185aa0
      size: 158817
    - path: data/processed/test.csv
      hash: md5
      md5: 45011a6f01e12424f778380e91100637
      size: 10990
    - path: src/evaluate.py
      hash: md5
      md5: 53ab4e98b6847f16e07800b17998662c
      size: 1757
    outs:
    - path: output/metrics.json
      hash: md5
      md5: d092673fcdcefb6fc45a9970c18a9fc9
      size: 151
  download_data:
    cmd: python src/download_data.py
    outs:
    - path: data/raw/reviews.tsv
      hash: md5
      md5: 102f1f4193e0bdebdd6cce7f13e0a839
      size: 54686
